Microsoft Visual Studio Solution File, Format Version 12.00
# Visual Studio Version 17
VisualStudioVersion = 17.5.2.0
MinimumVisualStudioVersion = 10.0.40219.1
Project("{FAE04EC0-301F-11D3-BF4B-00C04F79EFBC}") = "CQRS.Core", "CQRS-ES\CQRS.Core\CQRS.Core.csproj", "{FCBBABC4-4BE2-56A2-9CB1-F28BAEADBEB2}"
EndProject
Project("{FAE04EC0-301F-11D3-BF4B-00C04F79EFBC}") = "Post.Cmd.Api", "SM-Post\Post.Cmd\Post.Cmd.Api\Post.Cmd.Api.csproj", "{EC70DFF9-C8BB-3090-F05C-17D2203B57FF}"
EndProject
Project("{FAE04EC0-301F-11D3-BF4B-00C04F79EFBC}") = "Post.Cmd.Domain", "SM-Post\Post.Cmd\Post.Cmd.Domain\Post.Cmd.Domain.csproj", "{479BC0E3-90B4-4170-F444-0E8A2F505BBA}"
EndProject
Project("{FAE04EC0-301F-11D3-BF4B-00C04F79EFBC}") = "Post.Cmd.Infrastructure", "SM-Post\Post.Cmd\Post.Cmd.Infrastructure\Post.Cmd.Infrastructure.csproj", "{6F94706D-17C4-1F0F-8218-E155141B9D18}"
EndProject
Project("{2150E333-8FDC-42A3-9474-1A3956D46DE8}") = "CQRS-ES", "CQRS-ES", "{02EA681E-C7D8-13C7-8484-4AC65E1B71E8}"
EndProject
Project("{2150E333-8FDC-42A3-9474-1A3956D46DE8}") = "CQRS.Core", "CQRS.Core", "{5FE34776-A348-48F2-B1C0-07BC7D5A40E3}"
EndProject
Project("{2150E333-8FDC-42A3-9474-1A3956D46DE8}") = "SM-Post", "SM-Post", "{564C6353-A340-4839-9213-96B0BBC68C4F}"
EndProject
Project("{2150E333-8FDC-42A3-9474-1A3956D46DE8}") = "Post.Cmd", "Post.Cmd", "{C274950A-AC5F-4B83-AFF0-C6AF340139A6}"
EndProject
Project("{2150E333-8FDC-42A3-9474-1A3956D46DE8}") = "Post.Cmd.Api", "Post.Cmd.Api", "{B18F9DBE-23A7-4FDC-9A20-515EDFCB587E}"
EndProject
Project("{2150E333-8FDC-42A3-9474-1A3956D46DE8}") = "Post.Cmd.Domain", "Post.Cmd.Domain", "{F9DC28AD-1D0C-40B5-88A5-4B6FD8CC0C5E}"
EndProject
Project("{2150E333-8FDC-42A3-9474-1A3956D46DE8}") = "Post.Cmd.Infrastructure", "Post.Cmd.Infrastructure", "{6B536582-B501-4FFC-96E0-07A7502CE189}"
EndProject
Project("{2150E333-8FDC-42A3-9474-1A3956D46DE8}") = "Post.Query", "Post.Query", "{0C53BAFE-48C4-4612-9837-A65A7166E600}"
EndProject
Project("{2150E333-8FDC-42A3-9474-1A3956D46DE8}") = "Post.Query.Api", "Post.Query.Api", "{345E1A2B-D574-4E5C-B446-C013D09ACB44}"
EndProject
Project("{2150E333-8FDC-42A3-9474-1A3956D46DE8}") = "Post.Query.Domain", "Post.Query.Domain", "{EC6702C3-001E-4162-B57C-A7F461F17C28}"
EndProject
Project("{2150E333-8FDC-42A3-9474-1A3956D46DE8}") = "Post.Query.Infrastructure", "Post.Query.Infrastructure", "{AF833659-00D3-41B6-AA78-9A277F09D9C4}"
EndProject
Project("{FAE04EC0-301F-11D3-BF4B-00C04F79EFBC}") = "Post.Query.Infrastructure", "SM-Post\Post.Query\Post.Query.Infrastructure\Post.Query.Infrastructure.csproj", "{E69A34C6-B590-21A2-9CF5-C360F8A5003E}"
EndProject
Project("{FAE04EC0-301F-11D3-BF4B-00C04F79EFBC}") = "Post.Query.Domain", "SM-Post\Post.Query\Post.Query.Domain\Post.Query.Domain.csproj", "{64D10B0A-F848-729C-25F0-4441DB374E92}"
EndProject
Project("{2150E333-8FDC-42A3-9474-1A3956D46DE8}") = "Post.Common", "Post.Common", "{DFC10E31-D171-4A8A-8B85-CBC597B2560B}"
EndProject
Project("{FAE04EC0-301F-11D3-BF4B-00C04F79EFBC}") = "Post.Common", "SM-Post\Post.Common\Post.Common\Post.Common.csproj", "{725BAC41-1EA9-42A8-982A-32AD31F6FA24}"
EndProject
Project("{FAE04EC0-301F-11D3-BF4B-00C04F79EFBC}") = "Post.Query.Api", "SM-Post\Post.Query\Post.Query.Api\Post.Query.Api.csproj", "{B5A7379C-CEC6-907D-4DDB-C1298A281E62}"
EndProject
Global
	GlobalSection(SolutionConfigurationPlatforms) = preSolution
		Debug|Any CPU = Debug|Any CPU
		Release|Any CPU = Release|Any CPU
	EndGlobalSection
	GlobalSection(ProjectConfigurationPlatforms) = postSolution
		{FCBBABC4-4BE2-56A2-9CB1-F28BAEADBEB2}.Debug|Any CPU.ActiveCfg = Debug|Any CPU
		{FCBBABC4-4BE2-56A2-9CB1-F28BAEADBEB2}.Debug|Any CPU.Build.0 = Debug|Any CPU
		{FCBBABC4-4BE2-56A2-9CB1-F28BAEADBEB2}.Release|Any CPU.ActiveCfg = Release|Any CPU
		{FCBBABC4-4BE2-56A2-9CB1-F28BAEADBEB2}.Release|Any CPU.Build.0 = Release|Any CPU
		{EC70DFF9-C8BB-3090-F05C-17D2203B57FF}.Debug|Any CPU.ActiveCfg = Debug|Any CPU
		{EC70DFF9-C8BB-3090-F05C-17D2203B57FF}.Debug|Any CPU.Build.0 = Debug|Any CPU
		{EC70DFF9-C8BB-3090-F05C-17D2203B57FF}.Release|Any CPU.ActiveCfg = Release|Any CPU
		{EC70DFF9-C8BB-3090-F05C-17D2203B57FF}.Release|Any CPU.Build.0 = Release|Any CPU
		{479BC0E3-90B4-4170-F444-0E8A2F505BBA}.Debug|Any CPU.ActiveCfg = Debug|Any CPU
		{479BC0E3-90B4-4170-F444-0E8A2F505BBA}.Debug|Any CPU.Build.0 = Debug|Any CPU
		{479BC0E3-90B4-4170-F444-0E8A2F505BBA}.Release|Any CPU.ActiveCfg = Release|Any CPU
		{479BC0E3-90B4-4170-F444-0E8A2F505BBA}.Release|Any CPU.Build.0 = Release|Any CPU
		{6F94706D-17C4-1F0F-8218-E155141B9D18}.Debug|Any CPU.ActiveCfg = Debug|Any CPU
		{6F94706D-17C4-1F0F-8218-E155141B9D18}.Debug|Any CPU.Build.0 = Debug|Any CPU
		{6F94706D-17C4-1F0F-8218-E155141B9D18}.Release|Any CPU.ActiveCfg = Release|Any CPU
		{6F94706D-17C4-1F0F-8218-E155141B9D18}.Release|Any CPU.Build.0 = Release|Any CPU
		{E69A34C6-B590-21A2-9CF5-C360F8A5003E}.Debug|Any CPU.ActiveCfg = Debug|Any CPU
		{E69A34C6-B590-21A2-9CF5-C360F8A5003E}.Debug|Any CPU.Build.0 = Debug|Any CPU
		{E69A34C6-B590-21A2-9CF5-C360F8A5003E}.Release|Any CPU.ActiveCfg = Release|Any CPU
		{E69A34C6-B590-21A2-9CF5-C360F8A5003E}.Release|Any CPU.Build.0 = Release|Any CPU
		{64D10B0A-F848-729C-25F0-4441DB374E92}.Debug|Any CPU.ActiveCfg = Debug|Any CPU
		{64D10B0A-F848-729C-25F0-4441DB374E92}.Debug|Any CPU.Build.0 = Debug|Any CPU
		{64D10B0A-F848-729C-25F0-4441DB374E92}.Release|Any CPU.ActiveCfg = Release|Any CPU
		{64D10B0A-F848-729C-25F0-4441DB374E92}.Release|Any CPU.Build.0 = Release|Any CPU
		{725BAC41-1EA9-42A8-982A-32AD31F6FA24}.Debug|Any CPU.ActiveCfg = Debug|Any CPU
		{725BAC41-1EA9-42A8-982A-32AD31F6FA24}.Debug|Any CPU.Build.0 = Debug|Any CPU
		{725BAC41-1EA9-42A8-982A-32AD31F6FA24}.Release|Any CPU.ActiveCfg = Release|Any CPU
		{725BAC41-1EA9-42A8-982A-32AD31F6FA24}.Release|Any CPU.Build.0 = Release|Any CPU
		{B5A7379C-CEC6-907D-4DDB-C1298A281E62}.Debug|Any CPU.ActiveCfg = Debug|Any CPU
		{B5A7379C-CEC6-907D-4DDB-C1298A281E62}.Debug|Any CPU.Build.0 = Debug|Any CPU
		{B5A7379C-CEC6-907D-4DDB-C1298A281E62}.Release|Any CPU.ActiveCfg = Release|Any CPU
		{B5A7379C-CEC6-907D-4DDB-C1298A281E62}.Release|Any CPU.Build.0 = Release|Any CPU
	EndGlobalSection
	GlobalSection(SolutionProperties) = preSolution
		HideSolutionNode = FALSE
	EndGlobalSection
	GlobalSection(NestedProjects) = preSolution
		{FCBBABC4-4BE2-56A2-9CB1-F28BAEADBEB2} = {5FE34776-A348-48F2-B1C0-07BC7D5A40E3}
		{EC70DFF9-C8BB-3090-F05C-17D2203B57FF} = {B18F9DBE-23A7-4FDC-9A20-515EDFCB587E}
		{479BC0E3-90B4-4170-F444-0E8A2F505BBA} = {F9DC28AD-1D0C-40B5-88A5-4B6FD8CC0C5E}
		{6F94706D-17C4-1F0F-8218-E155141B9D18} = {6B536582-B501-4FFC-96E0-07A7502CE189}
		{5FE34776-A348-48F2-B1C0-07BC7D5A40E3} = {02EA681E-C7D8-13C7-8484-4AC65E1B71E8}
		{C274950A-AC5F-4B83-AFF0-C6AF340139A6} = {564C6353-A340-4839-9213-96B0BBC68C4F}
		{B18F9DBE-23A7-4FDC-9A20-515EDFCB587E} = {C274950A-AC5F-4B83-AFF0-C6AF340139A6}
		{F9DC28AD-1D0C-40B5-88A5-4B6FD8CC0C5E} = {C274950A-AC5F-4B83-AFF0-C6AF340139A6}
		{6B536582-B501-4FFC-96E0-07A7502CE189} = {C274950A-AC5F-4B83-AFF0-C6AF340139A6}
		{0C53BAFE-48C4-4612-9837-A65A7166E600} = {564C6353-A340-4839-9213-96B0BBC68C4F}
		{345E1A2B-D574-4E5C-B446-C013D09ACB44} = {0C53BAFE-48C4-4612-9837-A65A7166E600}
		{EC6702C3-001E-4162-B57C-A7F461F17C28} = {0C53BAFE-48C4-4612-9837-A65A7166E600}
		{AF833659-00D3-41B6-AA78-9A277F09D9C4} = {0C53BAFE-48C4-4612-9837-A65A7166E600}
		{E69A34C6-B590-21A2-9CF5-C360F8A5003E} = {AF833659-00D3-41B6-AA78-9A277F09D9C4}
		{64D10B0A-F848-729C-25F0-4441DB374E92} = {EC6702C3-001E-4162-B57C-A7F461F17C28}
		{DFC10E31-D171-4A8A-8B85-CBC597B2560B} = {564C6353-A340-4839-9213-96B0BBC68C4F}
		{725BAC41-1EA9-42A8-982A-32AD31F6FA24} = {DFC10E31-D171-4A8A-8B85-CBC597B2560B}
		{B5A7379C-CEC6-907D-4DDB-C1298A281E62} = {345E1A2B-D574-4E5C-B446-C013D09ACB44}
	EndGlobalSection
	GlobalSection(ExtensibilityGlobals) = postSolution
		SolutionGuid = {A87EFF8F-D4A7-4974-B04E-72262AE81C5D}
	EndGlobalSection
EndGlobal
